
Microsoft Visual Studio Solution File, Format Version 12.00
# Visual Studio Version 17
VisualStudioVersion = 17.10.35004.147
MinimumVisualStudioVersion = 10.0.40219.1
Project("{FAE04EC0-301F-11D3-BF4B-00C04F79EFBC}") = "MTMergeSort", "MTMergeSort\MTMergeSort.csproj", "{B58DAF65-83D7-4C23-83A1-BE18663B46CC}"
EndProject
Global
	GlobalSection(SolutionConfigurationPlatforms) = preSolution
		Debug|Any CPU = Debug|Any CPU
		Release|Any CPU = Release|Any CPU
	EndGlobalSection
	GlobalSection(ProjectConfigurationPlatforms) = postSolution
		{B58DAF65-83D7-4C23-83A1-BE18663B46CC}.Debug|Any CPU.ActiveCfg = Debug|Any CPU
		{B58DAF65-83D7-4C23-83A1-BE18663B46CC}.Debug|Any CPU.Build.0 = Debug|Any CPU
		{B58DAF65-83D7-4C23-83A1-BE18663B46CC}.Release|Any CPU.ActiveCfg = Release|Any CPU
		{B58DAF65-83D7-4C23-83A1-BE18663B46CC}.Release|Any CPU.Build.0 = Release|Any CPU
	EndGlobalSection
	GlobalSection(SolutionProperties) = preSolution
		HideSolutionNode = FALSE
	EndGlobalSection
	GlobalSection(ExtensibilityGlobals) = postSolution
		SolutionGuid = {589135B9-3903-4B7E-8C34-F1F722F503C7}
	EndGlobalSection
EndGlobal
