
Microsoft Visual Studio Solution File, Format Version 12.00
# Visual Studio Version 17
VisualStudioVersion = 17.10.35004.147
MinimumVisualStudioVersion = 10.0.40219.1
Project("{FAE04EC0-301F-11D3-BF4B-00C04F79EFBC}") = "ThreadSafeBinaryTree.", "..\ThreadSafeBinaryTree\ThreadSafeBinaryTree\ThreadSafeBinaryTree..csproj", "{0D79C131-DCBB-456D-B918-DF5D50046086}"
EndProject
Global
	GlobalSection(SolutionConfigurationPlatforms) = preSolution
		Debug|Any CPU = Debug|Any CPU
		Release|Any CPU = Release|Any CPU
	EndGlobalSection
	GlobalSection(ProjectConfigurationPlatforms) = postSolution
		{0D79C131-DCBB-456D-B918-DF5D50046086}.Debug|Any CPU.ActiveCfg = Debug|Any CPU
		{0D79C131-DCBB-456D-B918-DF5D50046086}.Debug|Any CPU.Build.0 = Debug|Any CPU
		{0D79C131-DCBB-456D-B918-DF5D50046086}.Release|Any CPU.ActiveCfg = Release|Any CPU
		{0D79C131-DCBB-456D-B918-DF5D50046086}.Release|Any CPU.Build.0 = Release|Any CPU
	EndGlobalSection
	GlobalSection(SolutionProperties) = preSolution
		HideSolutionNode = FALSE
	EndGlobalSection
	GlobalSection(ExtensibilityGlobals) = postSolution
		SolutionGuid = {0B6F05CC-47EF-41CE-8138-591A1DF1C77E}
	EndGlobalSection
EndGlobal
